
Microsoft Visual Studio Solution File, Format Version 12.00
# Visual Studio Version 16
VisualStudioVersion = 16.0.31729.503
MinimumVisualStudioVersion = 10.0.40219.1
Project("{888888A0-9F3D-457C-B088-3A5042F75D52}") = "Anodite", "Anodite\Anodite.pyproj", "{1A27D55E-E4D1-4F67-98B4-4963690D6CEA}"
EndProject
Global
	GlobalSection(SolutionConfigurationPlatforms) = preSolution
		Debug|Any CPU = Debug|Any CPU
		Release|Any CPU = Release|Any CPU
	EndGlobalSection
	GlobalSection(ProjectConfigurationPlatforms) = postSolution
		{1A27D55E-E4D1-4F67-98B4-4963690D6CEA}.Debug|Any CPU.ActiveCfg = Debug|Any CPU
		{1A27D55E-E4D1-4F67-98B4-4963690D6CEA}.Release|Any CPU.ActiveCfg = Release|Any CPU
	EndGlobalSection
	GlobalSection(SolutionProperties) = preSolution
		HideSolutionNode = FALSE
	EndGlobalSection
	GlobalSection(ExtensibilityGlobals) = postSolution
		SolutionGuid = {D0D62A08-98BE-4374-8E42-A39B0AAA4336}
	EndGlobalSection
EndGlobal
